{
    "_meta": {
        "hash": {
            "sha256": "05877474fd5f54c103f3c52a83f6112a9aa1b344cae512cabf9e28d76e26025c"
        },
        "pipfile-spec": 6,
        "requires": {
            "python_version": "2.7"
        },
        "sources": [
            {
                "name": "pypi",
                "url": "https://pypi.org/simple",
                "verify_ssl": true
            }
        ]
    },
    "default": {
        "appdirs": {
            "hashes": [
                "sha256:7d5d0167b2b1ba821647616af46a749d1c653740dd0d2415100fe26e27afdf41",
                "sha256:a841dacd6b99318a741b166adb07e19ee71a274450e68237b4650ca1055ab128"
            ],
            "version": "==1.4.4"
        },
        "argparse": {
            "hashes": [
                "sha256:62b089a55be1d8949cd2bc7e0df0bddb9e028faefc8c32038cc84862aefdd6e4",
                "sha256:c31647edb69fd3d465a847ea3157d37bed1f95f19760b11a47aa91c04b666314"
            ],
            "version": "==1.4.0"
        },
        "attrs": {
            "hashes": [
                "sha256:31b2eced602aa8423c2aea9c76a724617ed67cf9513173fd3a4f03e3a929c7e6",
                "sha256:832aa3cde19744e49938b91fea06d69ecb9e649c93ba974535d08ad92164f700"
            ],
            "markers": "python_version >= '2.7' and python_version not in '3.0, 3.1, 3.2, 3.3'",
            "version": "==20.3.0"
        },
        "backports.functools-lru-cache": {
            "hashes": [
                "sha256:0bada4c2f8a43d533e4ecb7a12214d9420e66eb206d54bf2d682581ca4b80848",
                "sha256:8fde5f188da2d593bd5bc0be98d9abc46c95bb8a9dde93429570192ee6cc2d4a"
            ],
            "markers": "python_version < '3.2'",
            "version": "==1.6.1"
        },
        "beautifulsoup4": {
            "hashes": [
                "sha256:4c98143716ef1cb40bf7f39a8e3eec8f8b009509e74904ba3a7b315431577e35",
                "sha256:84729e322ad1d5b4d25f805bfa05b902dd96450f43842c4e99067d5e1369eb25",
                "sha256:fff47e031e34ec82bf17e00da8f592fe7de69aeea38be00523c04623c04fb666"
            ],
            "version": "==4.9.3"
        },
        "bs4": {
            "hashes": [
                "sha256:36ecea1fd7cc5c0c6e4a1ff075df26d50da647b75376626cc186e2212886dd3a"
            ],
            "index": "pypi",
            "version": "==0.0.1"
        },
        "certifi": {
            "hashes": [
                "sha256:1f422849db327d534e3d0c5f02a263458c3955ec0aae4ff09b95f195c59f4edd",
                "sha256:f05def092c44fbf25834a51509ef6e631dc19765ab8a57b4e7ab85531f0a9cf4"
            ],
            "version": "==2020.11.8"
        },
        "chardet": {
            "hashes": [
                "sha256:84ab92ed1c4d4f16916e05906b6b75a6c0fb5db821cc65e70cbd64a3e2a5eaae",
                "sha256:fc323ffcaeaed0e0a02bf4d117757b98aed530d9ed4531e3e15460124c106691"
            ],
            "version": "==3.0.4"
        },
        "colorama": {
            "hashes": [
                "sha256:5941b2b48a20143d2267e95b1c2a7603ce057ee39fd88e7329b0c292aa16869b",
                "sha256:9f47eda37229f68eee03b24b9748937c7dc3868f906e8ba69fbcbdd3bc5dc3e2"
            ],
            "markers": "python_version >= '2.7' and python_version not in '3.0, 3.1, 3.2, 3.3, 3.4'",
            "version": "==0.4.4"
        },
        "configparser": {
            "hashes": [
                "sha256:254c1d9c79f60c45dfde850850883d5aaa7f19a23f13561243a050d5a7c3fe4c",
                "sha256:c7d282687a5308319bf3d2e7706e575c635b0a470342641c93bea0ea3b5331df"
            ],
            "markers": "python_version < '3'",
            "version": "==4.0.2"
        },
        "contextlib2": {
            "hashes": [
                "sha256:01f490098c18b19d2bd5bb5dc445b2054d2fa97f09a4280ba2c5f3c394c8162e",
                "sha256:3355078a159fbb44ee60ea80abd0d87b80b78c248643b49aa6d94673b413609b"
            ],
            "markers": "python_version < '3.4'",
            "version": "==0.6.0.post1"
        },
        "enum34": {
            "hashes": [
                "sha256:a98a201d6de3f2ab3db284e70a33b0f896fbf35f8086594e8c9e74b909058d53",
                "sha256:c3858660960c984d6ab0ebad691265180da2b43f07e061c0f8dca9ef3cffd328",
                "sha256:cce6a7477ed816bd2542d03d53db9f0db935dd013b70f336a95c73979289f248"
            ],
            "index": "pypi",
            "version": "==1.1.10"
        },
        "fasteners": {
            "hashes": [
                "sha256:007e4d2b2d4a10093f67e932e5166722d2eab83b77724156e92ad013c6226574",
                "sha256:3a176da6b70df9bb88498e1a18a9e4a8579ed5b9141207762368a1017bf8f5ef"
            ],
            "version": "==0.15"
        },
        "functools32": {
            "hashes": [
                "sha256:89d824aa6c358c421a234d7f9ee0bd75933a67c29588ce50aaa3acdf4d403fa0",
                "sha256:f6253dfbe0538ad2e387bd8fdfd9293c925d63553f5813c4e587745416501e6d"
            ],
            "markers": "python_version < '3'",
            "version": "==3.2.3.post2"
        },
        "future": {
            "hashes": [
                "sha256:b1bead90b70cf6ec3f0710ae53a525360fa360d306a86583adc6bf83a4db537d"
            ],
            "markers": "python_version >= '2.6' and python_version not in '3.0, 3.1, 3.2, 3.3'",
            "version": "==0.18.2"
        },
        "fuzzywuzzy": {
            "hashes": [
                "sha256:45016e92264780e58972dca1b3d939ac864b78437422beecebb3095f8efd00e8",
                "sha256:928244b28db720d1e0ee7587acf660ea49d7e4c632569cad4f1cd7e68a5f0993"
            ],
            "index": "pypi",
            "version": "==0.18.0"
        },
        "idna": {
            "hashes": [
                "sha256:b307872f855b18632ce0c21c5e45be78c0ea7ae4c15c828c20788b26921eb3f6",
                "sha256:b97d804b1e9b523befed77c48dacec60e6dcb0b5391d57af6a65a312a90648c0"
            ],
            "markers": "python_version >= '2.7' and python_version not in '3.0, 3.1, 3.2, 3.3'",
            "version": "==2.10"
        },
        "importlib-metadata": {
            "hashes": [
                "sha256:b8de9eff2b35fb037368f28a7df1df4e6436f578fa74423505b6c6a778d5b5dd",
                "sha256:c2d6341ff566f609e89a2acb2db190e5e1d23d5409d6cc8d2fe34d72443876d4"
            ],
            "markers": "python_version < '3.8'",
            "version": "==2.1.1"
        },
        "intelhex": {
            "hashes": [
                "sha256:87cc5225657524ec6361354be928adfd56bcf2a3dcc646c40f8f094c39c07db4",
                "sha256:892b7361a719f4945237da8ccf754e9513db32f5628852785aea108dcd250093"
            ],
            "index": "pypi",
            "version": "==2.3.0"
        },
        "intervaltree": {
            "hashes": [
                "sha256:902b1b88936918f9b2a19e0e5eb7ccb430ae45cde4f39ea4b36932920d33952d"
            ],
            "version": "==3.1.0"
        },
        "jinja2": {
            "hashes": [
                "sha256:89aab215427ef59c34ad58735269eb58b1a5808103067f7bb9d5836c651b3bb0",
                "sha256:f0a4641d3cf955324a89c04f3d94663aa4d638abe8f733ecd3582848e1c37035"
            ],
            "markers": "python_version >= '2.7' and python_version not in '3.0, 3.1, 3.2, 3.3, 3.4'",
            "version": "==2.11.2"
        },
        "jsonschema": {
            "hashes": [
                "sha256:4e5b3cf8216f577bee9ce139cbe72eca3ea4f292ec60928ff24758ce626cd163",
                "sha256:c8a85b28d377cc7737e46e2d9f2b4f44ee3c0e1deac6bf46ddefc7187d30797a"
            ],
            "index": "pypi",
            "version": "==3.2.0"
        },
        "markupsafe": {
            "hashes": [
                "sha256:00bc623926325b26bb9605ae9eae8a215691f33cae5df11ca5424f06f2d1f473",
                "sha256:09027a7803a62ca78792ad89403b1b7a73a01c8cb65909cd876f7fcebd79b161",
                "sha256:09c4b7f37d6c648cb13f9230d847adf22f8171b1ccc4d5682398e77f40309235",
                "sha256:1027c282dad077d0bae18be6794e6b6b8c91d58ed8a8d89a89d59693b9131db5",
                "sha256:13d3144e1e340870b25e7b10b98d779608c02016d5184cfb9927a9f10c689f42",
                "sha256:24982cc2533820871eba85ba648cd53d8623687ff11cbb805be4ff7b4c971aff",
                "sha256:29872e92839765e546828bb7754a68c418d927cd064fd4708fab9fe9c8bb116b",
                "sha256:43a55c2930bbc139570ac2452adf3d70cdbb3cfe5912c71cdce1c2c6bbd9c5d1",
                "sha256:46c99d2de99945ec5cb54f23c8cd5689f6d7177305ebff350a58ce5f8de1669e",
                "sha256:500d4957e52ddc3351cabf489e79c91c17f6e0899158447047588650b5e69183",
                "sha256:535f6fc4d397c1563d08b88e485c3496cf5784e927af890fb3c3aac7f933ec66",
                "sha256:596510de112c685489095da617b5bcbbac7dd6384aeebeda4df6025d0256a81b",
                "sha256:62fe6c95e3ec8a7fad637b7f3d372c15ec1caa01ab47926cfdf7a75b40e0eac1",
                "sha256:6788b695d50a51edb699cb55e35487e430fa21f1ed838122d722e0ff0ac5ba15",
                "sha256:6dd73240d2af64df90aa7c4e7481e23825ea70af4b4922f8ede5b9e35f78a3b1",
                "sha256:717ba8fe3ae9cc0006d7c451f0bb265ee07739daf76355d06366154ee68d221e",
                "sha256:79855e1c5b8da654cf486b830bd42c06e8780cea587384cf6545b7d9ac013a0b",
                "sha256:7c1699dfe0cf8ff607dbdcc1e9b9af1755371f92a68f706051cc8c37d447c905",
                "sha256:88e5fcfb52ee7b911e8bb6d6aa2fd21fbecc674eadd44118a9cc3863f938e735",
                "sha256:8defac2f2ccd6805ebf65f5eeb132adcf2ab57aa11fdf4c0dd5169a004710e7d",
                "sha256:98c7086708b163d425c67c7a91bad6e466bb99d797aa64f965e9d25c12111a5e",
                "sha256:9add70b36c5666a2ed02b43b335fe19002ee5235efd4b8a89bfcf9005bebac0d",
                "sha256:9bf40443012702a1d2070043cb6291650a0841ece432556f784f004937f0f32c",
                "sha256:ade5e387d2ad0d7ebf59146cc00c8044acbd863725f887353a10df825fc8ae21",
                "sha256:b00c1de48212e4cc9603895652c5c410df699856a2853135b3967591e4beebc2",
                "sha256:b1282f8c00509d99fef04d8ba936b156d419be841854fe901d8ae224c59f0be5",
                "sha256:b2051432115498d3562c084a49bba65d97cf251f5a331c64a12ee7e04dacc51b",
                "sha256:ba59edeaa2fc6114428f1637ffff42da1e311e29382d81b339c1817d37ec93c6",
                "sha256:c8716a48d94b06bb3b2524c2b77e055fb313aeb4ea620c8dd03a105574ba704f",
                "sha256:cd5df75523866410809ca100dc9681e301e3c27567cf498077e8551b6d20e42f",
                "sha256:cdb132fc825c38e1aeec2c8aa9338310d29d337bebbd7baa06889d09a60a1fa2",
                "sha256:e249096428b3ae81b08327a63a485ad0878de3fb939049038579ac0ef61e17e7",
                "sha256:e8313f01ba26fbbe36c7be1966a7b7424942f670f38e666995b88d012765b9be"
            ],
            "markers": "python_version >= '2.7' and python_version not in '3.0, 3.1, 3.2, 3.3'",
            "version": "==1.1.1"
        },
        "mbed-cli": {
            "hashes": [
                "sha256:9f2d611a15d5f3635c5653a869008d5b4f4304ef44060258ff3ce0ac5cb870e8",
                "sha256:e77f1b866b166b2fb8103a53e71c833627b2ffab64a8d51c1f2da3d5b9b108a7"
            ],
            "index": "pypi",
            "version": "==1.8.2"
        },
        "mbed-ls": {
            "hashes": [
                "sha256:3188864d758821c444e547ee64c291c5940f949d4ee00004d22c1444381bcb5b"
            ],
            "index": "pypi",
            "version": "==1.6.2"
        },
        "monotonic": {
            "hashes": [
                "sha256:23953d55076df038541e648a53676fb24980f7a1be290cdda21300b3bc21dfb0",
                "sha256:552a91f381532e33cbd07c6a2655a21908088962bb8fa7239ecbcc6ad1140cc7"
            ],
            "version": "==1.5"
        },
        "numpy": {
            "hashes": [
                "sha256:08bf4f66f190822f4642e036accde8da810b87fffc0b9409e7a00d9e54760099",
                "sha256:1680c8d5086a88d293dfd1a10b6429a09140cacee878034fa2308472ec835db4",
                "sha256:23cad5e5858dfb73c0e5bce03fe78e5e5908c22263156c58d4afdbb240683c6c",
                "sha256:345b1748e6b0d4773a518868c783b16fdc33a22683bdb863484cd29fe8d206e6",
                "sha256:34e6bb44e3d9a663f903b8c297ede865b4dff039aa43cc9a0b249e02c27f1396",
                "sha256:390f6e14a8d73591f086680464aa101a9be9187d0c633f48c98b429b31b712c2",
                "sha256:3f423b06bf67cd1dbf72e13e9b53a9ca71972e5abf712ee6cb5d8cbb178fff02",
                "sha256:55cae40d2024c56e7b79fb070106cb4289dcc6b55c62dba1d89a6944448c6a53",
                "sha256:60c56922c9d759d664078fbef94132377ef1498ab27dd3d0cc7a21b346e68c06",
                "sha256:6b1853364775edb85ceb0f7f8214d9e993d4d1d9bd3310eae80529ea14ba2ba6",
                "sha256:77399828d96cca386bfba453025c34f22569909d90332b961d3d4341cdb46a84",
                "sha256:7a5a1f49a643aa1ab3e0579da0a48b8a48ea4369eb63c5065459d0a37f430237",
                "sha256:817eed5a6ec2fc9c1a0ee3fbf9a441c66b6766383580513ccbdf3121acc0b4fb",
                "sha256:97ddfa7688295d460ee48a4d76337e9fdd2506d9d1d0eee7f0348b42b430da4c",
                "sha256:9bb690692f3101583b0b99f3be362742e4f8ebe6c7934fa36cd8ca2b567a0bcc",
                "sha256:a1772dc227e3e415eeaa646d25690dc854bddc3d626e454c7c27acba060cb900",
                "sha256:a1ffc9c770ccc2be9284310a3726c918b26ca19b34c0079e7a41aba950ab175f",
                "sha256:a4383edb1b8caa989c3541a37ef204916322c503b8eeacc7ee8f4ba24cac97b8",
                "sha256:b9e334568ca1bf56598eddfac6db6a75bcf1c91aa90d598648f21e45207daeae",
                "sha256:c9fb4fcfcdcaccfe2c4e1f9e0133ed59df5df2aa3655f3d391887e892b0a784c",
                "sha256:d3c5377c6122de876e695937ef41ffee5d2831154c5e4856481b93406cdfeecb",
                "sha256:d759ca1b76ac6f6b6159fb74984126035feb1dee9f68b4b961889b6dc090f33a",
                "sha256:e5cf3fdf13401885e8eea8170624ec96225e2174eb0c611c6f26dd33b489e3ff"
            ],
            "index": "pypi",
            "version": "==1.16.6"
        },
        "pathlib2": {
            "hashes": [
                "sha256:0ec8205a157c80d7acc301c0b18fbd5d44fe655968f5d947b6ecef5290fc35db",
                "sha256:6cd9a47b597b37cc57de1c05e56fb1a1c9cc9fab04fe78c29acd090418529868"
            ],
            "markers": "python_version < '3'",
            "version": "==2.3.5"
        },
        "prettytable": {
            "hashes": [
                "sha256:6bb7f539903cb031fecb855b615cbcac8cd245ebc6fa51c6e23ab3386db89771",
                "sha256:e7e464e8f7ecfd9a74c67f8da35f2a7da3d827235ba0a4737bb6d4b19f4a04bb"
            ],
            "markers": "python_version >= '2.7' and python_version not in '3.0, 3.1, 3.2, 3.3, 3.4'",
            "version": "==1.0.1"
        },
        "project-generator": {
            "hashes": [
                "sha256:82ab47f181fea0310fab85a18b4f4d288c22524b2d892f0c470bacb16e993658"
            ],
            "index": "pypi",
            "version": "==0.9.13"
        },
        "project-generator-definitions": {
            "hashes": [
                "sha256:8158c0966afd05a26ee04b09575764964164164cad23a357d41a02aa871839e6"
            ],
            "version": "==0.2.41"
        },
        "pyelftools": {
            "hashes": [
                "sha256:5609aa6da1123fccfae2e8431a67b4146aa7fad5b3889f808df12b110f230937",
                "sha256:cde854e662774c5457d688ca41615f6594187ba7067af101232df889a6b7a66b"
            ],
            "index": "pypi",
            "version": "==0.27"
        },
        "pyocd": {
            "hashes": [
                "sha256:253d644dcfec5624d48013e25ef967875adf53bb1df67b205d31fa02e34c470c"
            ],
            "index": "pypi",
            "version": "==0.16.0"
        },
        "pyrsistent": {
            "hashes": [
                "sha256:aa2ae1c2e496f4d6777f869ea5de7166a8ccb9c2e06ebcf6c7ff1b670c98c5ef"
            ],
            "markers": "python_version >= '2.7'",
            "version": "==0.16.1"
        },
        "pyserial": {
            "hashes": [
                "sha256:3c77e014170dfffbd816e6ffc205e9842efb10be9f58ec16d3e8675b4925cddb",
                "sha256:c4451db6ba391ca6ca299fb3ec7bae67a5c55dde170964c7a14ceefec02f2cf0"
            ],
            "index": "pypi",
            "version": "==3.5"
        },
        "pyusb": {
            "hashes": [
                "sha256:d69ed64bff0e2102da11b3f49567256867853b861178689671a163d30865c298"
            ],
            "index": "pypi",
            "version": "==1.1.0"
        },
        "pyyaml": {
            "hashes": [
                "sha256:1cbc199009e78f92d9edf554be4fe40fb7b0bef71ba688602a00e97a51909110",
                "sha256:254bf6fda2b7c651837acb2c718e213df29d531eebf00edb54743d10bcb694eb",
                "sha256:3108529b78577327d15eec243f0ff348a0640b0c3478d67ad7f5648f93bac3e2",
                "sha256:3c17fb92c8ba2f525e4b5f7941d850e7a48c3a59b32d331e2502a3cdc6648e76",
                "sha256:6f89b5c95e93945b597776163403d47af72d243f366bf4622ff08bdfd1c950b7",
                "sha256:8d6d96001aa7f0a6a4a95e8143225b5d06e41b1131044913fecb8f85a125714b",
                "sha256:be622cc81696e24d0836ba71f6272a2b5767669b0d79fdcf0295d51ac2e156c8",
                "sha256:c8a88edd93ee29ede719080b2be6cb2333dfee1dccba213b422a9c8e97f2967b",
                "sha256:f39411e380e2182ad33be039e8ee5770a5d9efe01a2bfb7ae58d9ba31c4a2a9d"
            ],
            "version": "==4.2b4"
        },
        "requests": {
            "hashes": [
                "sha256:7f1a0b932f4a60a1a65caa4263921bb7d9ee911957e0ae4a23a6dd08185ad5f8",
                "sha256:e786fa28d8c9154e6a4de5d46a1d921b8749f8b74e28bde23768e5e16eece998"
            ],
            "index": "pypi",
            "version": "==2.25.0"
        },
        "scandir": {
            "hashes": [
                "sha256:2586c94e907d99617887daed6c1d102b5ca28f1085f90446554abf1faf73123e",
                "sha256:2ae41f43797ca0c11591c0c35f2f5875fa99f8797cb1a1fd440497ec0ae4b022",
                "sha256:2b8e3888b11abb2217a32af0766bc06b65cc4a928d8727828ee68af5a967fa6f",
                "sha256:2c712840c2e2ee8dfaf36034080108d30060d759c7b73a01a52251cc8989f11f",
                "sha256:4d4631f6062e658e9007ab3149a9b914f3548cb38bfb021c64f39a025ce578ae",
                "sha256:67f15b6f83e6507fdc6fca22fedf6ef8b334b399ca27c6b568cbfaa82a364173",
                "sha256:7d2d7a06a252764061a020407b997dd036f7bd6a175a5ba2b345f0a357f0b3f4",
                "sha256:8c5922863e44ffc00c5c693190648daa6d15e7c1207ed02d6f46a8dcc2869d32",
                "sha256:92c85ac42f41ffdc35b6da57ed991575bdbe69db895507af88b9f499b701c188",
                "sha256:b24086f2375c4a094a6b51e78b4cf7ca16c721dcee2eddd7aa6494b42d6d519d",
                "sha256:cb925555f43060a1745d0a321cca94bcea927c50114b623d73179189a4e100ac"
            ],
            "markers": "python_version < '3.5'",
            "version": "==1.10.0"
        },
        "six": {
            "hashes": [
                "sha256:30639c035cdb23534cd4aa2dd52c3bf48f06e5f4a941509c8bafd8ce11080259",
                "sha256:8b74bedcbbbaca38ff6d7491d76f2b06b3592611af620f8426e82dddb04a5ced"
            ],
            "index": "pypi",
            "version": "==1.15.0"
        },
        "sortedcontainers": {
            "hashes": [
                "sha256:37257a32add0a3ee490bb170b599e93095eed89a55da91fa9f48753ea12fd73f",
                "sha256:59cc937650cf60d677c16775597c89a960658a09cf7c1a668f86e1e4464b10a1"
            ],
            "version": "==2.3.0"
        },
        "soupsieve": {
            "hashes": [
                "sha256:7985bacc98c34923a439967c1a602dc4f1e15f923b6fcf02344184f86cc7efaa",
                "sha256:feb1e937fa26a69e08436aad4a9037cd7e1d4c7212909502ba30701247ff8abd"
            ],
            "markers": "python_version < '3'",
            "version": "==1.9.6"
        },
        "urllib3": {
            "hashes": [
                "sha256:19188f96923873c92ccb987120ec4acaa12f0461fa9ce5d3d0772bc965a39e08",
                "sha256:d8ff90d979214d7b4f8ce956e80f4028fc6860e4431f731ea4a8c08f23f99473"
            ],
            "markers": "python_version >= '2.7' and python_version not in '3.0, 3.1, 3.2, 3.3, 3.4' and python_version < '4'",
            "version": "==1.26.2"
        },
        "wcwidth": {
            "hashes": [
                "sha256:beb4802a9cebb9144e99086eff703a642a13d6a0052920003a230f3294bbe784",
                "sha256:c4d647b99872929fdb7bdcaa4fbe7f01413ed3d98077df798530e5b04f116c83"
            ],
            "version": "==0.2.5"
        },
        "websocket-client": {
            "hashes": [
                "sha256:0fc45c961324d79c781bab301359d5a1b00b13ad1b10415a4780229ef71a5549",
                "sha256:d735b91d6d1692a6a181f2a8c9e0238e5f6373356f561bb9dc4c7af36f452010"
            ],
            "version": "==0.57.0"
        },
        "xmltodict": {
            "hashes": [
                "sha256:50d8c638ed7ecb88d90561beedbf720c9b4e851a9fa6c47ebd64e99d166d8a21",
                "sha256:8bbcb45cc982f48b2ca8fe7e7827c5d792f217ecf1792626f808bf41c3b86051"
            ],
            "version": "==0.12.0"
        },
        "zipp": {
            "hashes": [
                "sha256:c70410551488251b0fee67b460fb9a536af8d6f9f008ad10ac51f615b6a521b1",
                "sha256:e0d9e63797e483a30d27e09fffd308c59a700d365ec34e93cc100844168bf921"
            ],
            "markers": "python_version >= '2.7'",
            "version": "==1.2.0"
        }
    },
    "develop": {}
}
